// !$*UTF8*$!
{
	archiveVersion = 1;
	classes = {
	};
	objectVersion = 56;
	objects = {

/* Begin PBXBuildFile section */
		D0F4C0192B23452F00D6960A /* AppDelegate.swift in Sources */ = {isa = PBXBuildFile; fileRef = D0F4C0182B23452F00D6960A /* AppDelegate.swift */; };
		D0F4C01B2B23452F00D6960A /* SceneDelegate.swift in Sources */ = {isa = PBXBuildFile; fileRef = D0F4C01A2B23452F00D6960A /* SceneDelegate.swift */; };
		D0F4C01D2B23452F00D6960A /* ViewController.swift in Sources */ = {isa = PBXBuildFile; fileRef = D0F4C01C2B23452F00D6960A /* ViewController.swift */; };
		D0F4C0202B23452F00D6960A /* Main.storyboard in Resources */ = {isa = PBXBuildFile; fileRef = D0F4C01E2B23452F00D6960A /* Main.storyboard */; };
		D0F4C0222B23453C00D6960A /* Assets.xcassets in Resources */ = {isa = PBXBuildFile; fileRef = D0F4C0212B23453C00D6960A /* Assets.xcassets */; };
		D0F4C0252B23453C00D6960A /* LaunchScreen.storyboard in Resources */ = {isa = PBXBuildFile; fileRef = D0F4C0232B23453C00D6960A /* LaunchScreen.storyboard */; };
		D0F4C0302B23453E00D6960A /* TelasSwiftTests.swift in Sources */ = {isa = PBXBuildFile; fileRef = D0F4C02F2B23453E00D6960A /* TelasSwiftTests.swift */; };
		D0F4C03A2B23453E00D6960A /* TelasSwiftUITests.swift in Sources */ = {isa = PBXBuildFile; fileRef = D0F4C0392B23453E00D6960A /* TelasSwiftUITests.swift */; };
		D0F4C03C2B23453E00D6960A /* TelasSwiftUITestsLaunchTests.swift in Sources */ = {isa = PBXBuildFile; fileRef = D0F4C03B2B23453E00D6960A /* TelasSwiftUITestsLaunchTests.swift */; };
		D0F4C04E2B23466100D6960A /* BlueView.swift in Sources */ = {isa = PBXBuildFile; fileRef = D0F4C04D2B23466100D6960A /* BlueView.swift */; };
		D0F4C0502B23466E00D6960A /* GreenView.swift in Sources */ = {isa = PBXBuildFile; fileRef = D0F4C04F2B23466E00D6960A /* GreenView.swift */; };
		D0F4C0522B23467B00D6960A /* RedView.swift in Sources */ = {isa = PBXBuildFile; fileRef = D0F4C0512B23467B00D6960A /* RedView.swift */; };
		D0F4C0542B23469500D6960A /* RedViewController.swift in Sources */ = {isa = PBXBuildFile; fileRef = D0F4C0532B23469500D6960A /* RedViewController.swift */; };
		D0F4C0562B23469E00D6960A /* GreenViewController.swift in Sources */ = {isa = PBXBuildFile; fileRef = D0F4C0552B23469E00D6960A /* GreenViewController.swift */; };
		D0F4C0582B2346AA00D6960A /* BlueViewController.swift in Sources */ = {isa = PBXBuildFile; fileRef = D0F4C0572B2346AA00D6960A /* BlueViewController.swift */; };
		D0F4C05B2B234A2200D6960A /* BlueCoordinator.swift in Sources */ = {isa = PBXBuildFile; fileRef = D0F4C05A2B234A2200D6960A /* BlueCoordinator.swift */; };
		D0F4C05D2B234A2E00D6960A /* GreenCoordinator.swift in Sources */ = {isa = PBXBuildFile; fileRef = D0F4C05C2B234A2E00D6960A /* GreenCoordinator.swift */; };
		D0F4C05F2B234A3900D6960A /* RedCoordinator.swift in Sources */ = {isa = PBXBuildFile; fileRef = D0F4C05E2B234A3900D6960A /* RedCoordinator.swift */; };
		D0F4C0622B234A5700D6960A /* Coordinator.swift in Sources */ = {isa = PBXBuildFile; fileRef = D0F4C0612B234A5700D6960A /* Coordinator.swift */; };
/* End PBXBuildFile section */

/* Begin PBXContainerItemProxy section */
		D0F4C02C2B23453E00D6960A /* PBXContainerItemProxy */ = {
			isa = PBXContainerItemProxy;
			containerPortal = D0F4C00D2B23452F00D6960A /* Project object */;
			proxyType = 1;
			remoteGlobalIDString = D0F4C0142B23452F00D6960A;
			remoteInfo = TelasSwift;
		};
		D0F4C0362B23453E00D6960A /* PBXContainerItemProxy */ = {
			isa = PBXContainerItemProxy;
			containerPortal = D0F4C00D2B23452F00D6960A /* Project object */;
			proxyType = 1;
			remoteGlobalIDString = D0F4C0142B23452F00D6960A;
			remoteInfo = TelasSwift;
		};
/* End PBXContainerItemProxy section */

/* Begin PBXFileReference section */
		D0F4C0152B23452F00D6960A /* TelasSwift.app */ = {isa = PBXFileReference; explicitFileType = wrapper.application; includeInIndex = 0; path = TelasSwift.app; sourceTree = BUILT_PRODUCTS_DIR; };
		D0F4C0182B23452F00D6960A /* AppDelegate.swift */ = {isa = PBXFileReference; lastKnownFileType = sourcecode.swift; path = AppDelegate.swift; sourceTree = "<group>"; };
		D0F4C01A2B23452F00D6960A /* SceneDelegate.swift */ = {isa = PBXFileReference; lastKnownFileType = sourcecode.swift; path = SceneDelegate.swift; sourceTree = "<group>"; };
		D0F4C01C2B23452F00D6960A /* ViewController.swift */ = {isa = PBXFileReference; lastKnownFileType = sourcecode.swift; path = ViewController.swift; sourceTree = "<group>"; };
		D0F4C01F2B23452F00D6960A /* Base */ = {isa = PBXFileReference; lastKnownFileType = file.storyboard; name = Base; path = Base.lproj/Main.storyboard; sourceTree = "<group>"; };
		D0F4C0212B23453C00D6960A /* Assets.xcassets */ = {isa = PBXFileReference; lastKnownFileType = folder.assetcatalog; path = Assets.xcassets; sourceTree = "<group>"; };
		D0F4C0242B23453C00D6960A /* Base */ = {isa = PBXFileReference; lastKnownFileType = file.storyboard; name = Base; path = Base.lproj/LaunchScreen.storyboard; sourceTree = "<group>"; };
		D0F4C0262B23453C00D6960A /* Info.plist */ = {isa = PBXFileReference; lastKnownFileType = text.plist.xml; path = Info.plist; sourceTree = "<group>"; };
		D0F4C02B2B23453E00D6960A /* TelasSwiftTests.xctest */ = {isa = PBXFileReference; explicitFileType = wrapper.cfbundle; includeInIndex = 0; path = TelasSwiftTests.xctest; sourceTree = BUILT_PRODUCTS_DIR; };
		D0F4C02F2B23453E00D6960A /* TelasSwiftTests.swift */ = {isa = PBXFileReference; lastKnownFileType = sourcecode.swift; path = TelasSwiftTests.swift; sourceTree = "<group>"; };
		D0F4C0352B23453E00D6960A /* TelasSwiftUITests.xctest */ = {isa = PBXFileReference; explicitFileType = wrapper.cfbundle; includeInIndex = 0; path = TelasSwiftUITests.xctest; sourceTree = BUILT_PRODUCTS_DIR; };
		D0F4C0392B23453E00D6960A /* TelasSwiftUITests.swift */ = {isa = PBXFileReference; lastKnownFileType = sourcecode.swift; path = TelasSwiftUITests.swift; sourceTree = "<group>"; };
		D0F4C03B2B23453E00D6960A /* TelasSwiftUITestsLaunchTests.swift */ = {isa = PBXFileReference; lastKnownFileType = sourcecode.swift; path = TelasSwiftUITestsLaunchTests.swift; sourceTree = "<group>"; };
		D0F4C04D2B23466100D6960A /* BlueView.swift */ = {isa = PBXFileReference; lastKnownFileType = sourcecode.swift; path = BlueView.swift; sourceTree = "<group>"; };
		D0F4C04F2B23466E00D6960A /* GreenView.swift */ = {isa = PBXFileReference; lastKnownFileType = sourcecode.swift; path = GreenView.swift; sourceTree = "<group>"; };
		D0F4C0512B23467B00D6960A /* RedView.swift */ = {isa = PBXFileReference; lastKnownFileType = sourcecode.swift; path = RedView.swift; sourceTree = "<group>"; };
		D0F4C0532B23469500D6960A /* RedViewController.swift */ = {isa = PBXFileReference; lastKnownFileType = sourcecode.swift; path = RedViewController.swift; sourceTree = "<group>"; };
		D0F4C0552B23469E00D6960A /* GreenViewController.swift */ = {isa = PBXFileReference; lastKnownFileType = sourcecode.swift; path = GreenViewController.swift; sourceTree = "<group>"; };
		D0F4C0572B2346AA00D6960A /* BlueViewController.swift */ = {isa = PBXFileReference; lastKnownFileType = sourcecode.swift; path = BlueViewController.swift; sourceTree = "<group>"; };
		D0F4C05A2B234A2200D6960A /* BlueCoordinator.swift */ = {isa = PBXFileReference; lastKnownFileType = sourcecode.swift; path = BlueCoordinator.swift; sourceTree = "<group>"; };
		D0F4C05C2B234A2E00D6960A /* GreenCoordinator.swift */ = {isa = PBXFileReference; lastKnownFileType = sourcecode.swift; path = GreenCoordinator.swift; sourceTree = "<group>"; };
		D0F4C05E2B234A3900D6960A /* RedCoordinator.swift */ = {isa = PBXFileReference; lastKnownFileType = sourcecode.swift; path = RedCoordinator.swift; sourceTree = "<group>"; };
		D0F4C0612B234A5700D6960A /* Coordinator.swift */ = {isa = PBXFileReference; lastKnownFileType = sourcecode.swift; path = Coordinator.swift; sourceTree = "<group>"; };
/* End PBXFileReference section */

/* Begin PBXFrameworksBuildPhase section */
		D0F4C0122B23452F00D6960A /* Frameworks */ = {
			isa = PBXFrameworksBuildPhase;
			buildActionMask = 2147483647;
			files = (
			);
			runOnlyForDeploymentPostprocessing = 0;
		};
		D0F4C0282B23453E00D6960A /* Frameworks */ = {
			isa = PBXFrameworksBuildPhase;
			buildActionMask = 2147483647;
			files = (
			);
			runOnlyForDeploymentPostprocessing = 0;
		};
		D0F4C0322B23453E00D6960A /* Frameworks */ = {
			isa = PBXFrameworksBuildPhase;
			buildActionMask = 2147483647;
			files = (
			);
			runOnlyForDeploymentPostprocessing = 0;
		};
/* End PBXFrameworksBuildPhase section */

/* Begin PBXGroup section */
		D0F4C00C2B23452F00D6960A = {
			isa = PBXGroup;
			children = (
				D0F4C0172B23452F00D6960A /* TelasSwift */,
				D0F4C02E2B23453E00D6960A /* TelasSwiftTests */,
				D0F4C0382B23453E00D6960A /* TelasSwiftUITests */,
				D0F4C0162B23452F00D6960A /* Products */,
			);
			sourceTree = "<group>";
		};
		D0F4C0162B23452F00D6960A /* Products */ = {
			isa = PBXGroup;
			children = (
				D0F4C0152B23452F00D6960A /* TelasSwift.app */,
				D0F4C02B2B23453E00D6960A /* TelasSwiftTests.xctest */,
				D0F4C0352B23453E00D6960A /* TelasSwiftUITests.xctest */,
			);
			name = Products;
			sourceTree = "<group>";
		};
		D0F4C0172B23452F00D6960A /* TelasSwift */ = {
			isa = PBXGroup;
			children = (
				D0F4C0492B23463B00D6960A /* Source */,
				D0F4C0482B23455800D6960A /* Resource */,
				D0F4C0262B23453C00D6960A /* Info.plist */,
			);
			path = TelasSwift;
			sourceTree = "<group>";
		};
		D0F4C02E2B23453E00D6960A /* TelasSwiftTests */ = {
			isa = PBXGroup;
			children = (
				D0F4C02F2B23453E00D6960A /* TelasSwiftTests.swift */,
			);
			path = TelasSwiftTests;
			sourceTree = "<group>";
		};
		D0F4C0382B23453E00D6960A /* TelasSwiftUITests */ = {
			isa = PBXGroup;
			children = (
				D0F4C0392B23453E00D6960A /* TelasSwiftUITests.swift */,
				D0F4C03B2B23453E00D6960A /* TelasSwiftUITestsLaunchTests.swift */,
			);
			path = TelasSwiftUITests;
			sourceTree = "<group>";
		};
		D0F4C0482B23455800D6960A /* Resource */ = {
			isa = PBXGroup;
			children = (
				D0F4C0182B23452F00D6960A /* AppDelegate.swift */,
				D0F4C01A2B23452F00D6960A /* SceneDelegate.swift */,
				D0F4C01C2B23452F00D6960A /* ViewController.swift */,
				D0F4C01E2B23452F00D6960A /* Main.storyboard */,
				D0F4C0212B23453C00D6960A /* Assets.xcassets */,
				D0F4C0232B23453C00D6960A /* LaunchScreen.storyboard */,
			);
			path = Resource;
			sourceTree = "<group>";
		};
		D0F4C0492B23463B00D6960A /* Source */ = {
			isa = PBXGroup;
			children = (
				D0F4C0592B234A1400D6960A /* Coordinator */,
				D0F4C04C2B23465400D6960A /* Red */,
				D0F4C04B2B23464C00D6960A /* Green */,
				D0F4C04A2B23464100D6960A /* Blue */,
			);
			path = Source;
			sourceTree = "<group>";
		};
		D0F4C04A2B23464100D6960A /* Blue */ = {
			isa = PBXGroup;
			children = (
				D0F4C04D2B23466100D6960A /* BlueView.swift */,
				D0F4C0572B2346AA00D6960A /* BlueViewController.swift */,
			);
			path = Blue;
			sourceTree = "<group>";
		};
		D0F4C04B2B23464C00D6960A /* Green */ = {
			isa = PBXGroup;
			children = (
				D0F4C04F2B23466E00D6960A /* GreenView.swift */,
				D0F4C0552B23469E00D6960A /* GreenViewController.swift */,
			);
			path = Green;
			sourceTree = "<group>";
		};
		D0F4C04C2B23465400D6960A /* Red */ = {
			isa = PBXGroup;
			children = (
				D0F4C0512B23467B00D6960A /* RedView.swift */,
				D0F4C0532B23469500D6960A /* RedViewController.swift */,
			);
			path = Red;
			sourceTree = "<group>";
		};
		D0F4C0592B234A1400D6960A /* Coordinator */ = {
			isa = PBXGroup;
			children = (
				D0F4C05A2B234A2200D6960A /* BlueCoordinator.swift */,
				D0F4C05C2B234A2E00D6960A /* GreenCoordinator.swift */,
				D0F4C05E2B234A3900D6960A /* RedCoordinator.swift */,
				D0F4C0612B234A5700D6960A /* Coordinator.swift */,
			);
			path = Coordinator;
			sourceTree = "<group>";
		};
/* End PBXGroup section */

/* Begin PBXNativeTarget section */
		D0F4C0142B23452F00D6960A /* TelasSwift */ = {
			isa = PBXNativeTarget;
			buildConfigurationList = D0F4C03F2B23453E00D6960A /* Build configuration list for PBXNativeTarget "TelasSwift" */;
			buildPhases = (
				D0F4C0112B23452F00D6960A /* Sources */,
				D0F4C0122B23452F00D6960A /* Frameworks */,
				D0F4C0132B23452F00D6960A /* Resources */,
			);
			buildRules = (
			);
			dependencies = (
			);
			name = TelasSwift;
			productName = TelasSwift;
			productReference = D0F4C0152B23452F00D6960A /* TelasSwift.app */;
			productType = "com.apple.product-type.application";
		};
		D0F4C02A2B23453E00D6960A /* TelasSwiftTests */ = {
			isa = PBXNativeTarget;
			buildConfigurationList = D0F4C0422B23453E00D6960A /* Build configuration list for PBXNativeTarget "TelasSwiftTests" */;
			buildPhases = (
				D0F4C0272B23453E00D6960A /* Sources */,
				D0F4C0282B23453E00D6960A /* Frameworks */,
				D0F4C0292B23453E00D6960A /* Resources */,
			);
			buildRules = (
			);
			dependencies = (
				D0F4C02D2B23453E00D6960A /* PBXTargetDependency */,
			);
			name = TelasSwiftTests;
			productName = TelasSwiftTests;
			productReference = D0F4C02B2B23453E00D6960A /* TelasSwiftTests.xctest */;
			productType = "com.apple.product-type.bundle.unit-test";
		};
		D0F4C0342B23453E00D6960A /* TelasSwiftUITests */ = {
			isa = PBXNativeTarget;
			buildConfigurationList = D0F4C0452B23453E00D6960A /* Build configuration list for PBXNativeTarget "TelasSwiftUITests" */;
			buildPhases = (
				D0F4C0312B23453E00D6960A /* Sources */,
				D0F4C0322B23453E00D6960A /* Frameworks */,
				D0F4C0332B23453E00D6960A /* Resources */,
			);
			buildRules = (
			);
			dependencies = (
				D0F4C0372B23453E00D6960A /* PBXTargetDependency */,
			);
			name = TelasSwiftUITests;
			productName = TelasSwiftUITests;
			productReference = D0F4C0352B23453E00D6960A /* TelasSwiftUITests.xctest */;
			productType = "com.apple.product-type.bundle.ui-testing";
		};
/* End PBXNativeTarget section */

/* Begin PBXProject section */
		D0F4C00D2B23452F00D6960A /* Project object */ = {
			isa = PBXProject;
			attributes = {
				BuildIndependentTargetsInParallel = 1;
				LastSwiftUpdateCheck = 1500;
				LastUpgradeCheck = 1500;
				TargetAttributes = {
					D0F4C0142B23452F00D6960A = {
						CreatedOnToolsVersion = 15.0.1;
					};
					D0F4C02A2B23453E00D6960A = {
						CreatedOnToolsVersion = 15.0.1;
						TestTargetID = D0F4C0142B23452F00D6960A;
					};
					D0F4C0342B23453E00D6960A = {
						CreatedOnToolsVersion = 15.0.1;
						TestTargetID = D0F4C0142B23452F00D6960A;
					};
				};
			};
			buildConfigurationList = D0F4C0102B23452F00D6960A /* Build configuration list for PBXProject "TelasSwift" */;
			compatibilityVersion = "Xcode 14.0";
			developmentRegion = en;
			hasScannedForEncodings = 0;
			knownRegions = (
				en,
				Base,
			);
			mainGroup = D0F4C00C2B23452F00D6960A;
			productRefGroup = D0F4C0162B23452F00D6960A /* Products */;
			projectDirPath = "";
			projectRoot = "";
			targets = (
				D0F4C0142B23452F00D6960A /* TelasSwift */,
				D0F4C02A2B23453E00D6960A /* TelasSwiftTests */,
				D0F4C0342B23453E00D6960A /* TelasSwiftUITests */,
			);
		};
/* End PBXProject section */

/* Begin PBXResourcesBuildPhase section */
		D0F4C0132B23452F00D6960A /* Resources */ = {
			isa = PBXResourcesBuildPhase;
			buildActionMask = 2147483647;
			files = (
				D0F4C0252B23453C00D6960A /* LaunchScreen.storyboard in Resources */,
				D0F4C0222B23453C00D6960A /* Assets.xcassets in Resources */,
				D0F4C0202B23452F00D6960A /* Main.storyboard in Resources */,
			);
			runOnlyForDeploymentPostprocessing = 0;
		};
		D0F4C0292B23453E00D6960A /* Resources */ = {
			isa = PBXResourcesBuildPhase;
			buildActionMask = 2147483647;
			files = (
			);
			runOnlyForDeploymentPostprocessing = 0;
		};
		D0F4C0332B23453E00D6960A /* Resources */ = {
			isa = PBXResourcesBuildPhase;
			buildActionMask = 2147483647;
			files = (
			);
			runOnlyForDeploymentPostprocessing = 0;
		};
/* End PBXResourcesBuildPhase section */

/* Begin PBXSourcesBuildPhase section */
		D0F4C0112B23452F00D6960A /* Sources */ = {
			isa = PBXSourcesBuildPhase;
			buildActionMask = 2147483647;
			files = (
				D0F4C05B2B234A2200D6960A /* BlueCoordinator.swift in Sources */,
				D0F4C0542B23469500D6960A /* RedViewController.swift in Sources */,
				D0F4C0622B234A5700D6960A /* Coordinator.swift in Sources */,
				D0F4C05F2B234A3900D6960A /* RedCoordinator.swift in Sources */,
				D0F4C04E2B23466100D6960A /* BlueView.swift in Sources */,
				D0F4C0502B23466E00D6960A /* GreenView.swift in Sources */,
				D0F4C0522B23467B00D6960A /* RedView.swift in Sources */,
				D0F4C0562B23469E00D6960A /* GreenViewController.swift in Sources */,
				D0F4C01D2B23452F00D6960A /* ViewController.swift in Sources */,
				D0F4C0192B23452F00D6960A /* AppDelegate.swift in Sources */,
				D0F4C0582B2346AA00D6960A /* BlueViewController.swift in Sources */,
				D0F4C01B2B23452F00D6960A /* SceneDelegate.swift in Sources */,
				D0F4C05D2B234A2E00D6960A /* GreenCoordinator.swift in Sources */,
			);
			runOnlyForDeploymentPostprocessing = 0;
		};
		D0F4C0272B23453E00D6960A /* Sources */ = {
			isa = PBXSourcesBuildPhase;
			buildActionMask = 2147483647;
			files = (
				D0F4C0302B23453E00D6960A /* TelasSwiftTests.swift in Sources */,
			);
			runOnlyForDeploymentPostprocessing = 0;
		};
		D0F4C0312B23453E00D6960A /* Sources */ = {
			isa = PBXSourcesBuildPhase;
			buildActionMask = 2147483647;
			files = (
				D0F4C03C2B23453E00D6960A /* TelasSwiftUITestsLaunchTests.swift in Sources */,
				D0F4C03A2B23453E00D6960A /* TelasSwiftUITests.swift in Sources */,
			);
			runOnlyForDeploymentPostprocessing = 0;
		};
/* End PBXSourcesBuildPhase section */

/* Begin PBXTargetDependency section */
		D0F4C02D2B23453E00D6960A /* PBXTargetDependency */ = {
			isa = PBXTargetDependency;
			target = D0F4C0142B23452F00D6960A /* TelasSwift */;
			targetProxy = D0F4C02C2B23453E00D6960A /* PBXContainerItemProxy */;
		};
		D0F4C0372B23453E00D6960A /* PBXTargetDependency */ = {
			isa = PBXTargetDependency;
			target = D0F4C0142B23452F00D6960A /* TelasSwift */;
			targetProxy = D0F4C0362B23453E00D6960A /* PBXContainerItemProxy */;
		};
/* End PBXTargetDependency section */

/* Begin PBXVariantGroup section */
		D0F4C01E2B23452F00D6960A /* Main.storyboard */ = {
			isa = PBXVariantGroup;
			children = (
				D0F4C01F2B23452F00D6960A /* Base */,
			);
			name = Main.storyboard;
			sourceTree = "<group>";
		};
		D0F4C0232B23453C00D6960A /* LaunchScreen.storyboard */ = {
			isa = PBXVariantGroup;
			children = (
				D0F4C0242B23453C00D6960A /* Base */,
			);
			name = LaunchScreen.storyboard;
			sourceTree = "<group>";
		};
/* End PBXVariantGroup section */

/* Begin XCBuildConfiguration section */
		D0F4C03D2B23453E00D6960A /* Debug */ = {
			isa = XCBuildConfiguration;
			buildSettings = {
				ALWAYS_SEARCH_USER_PATHS = NO;
				ASSETCATALOG_COMPILER_GENERATE_SWIFT_ASSET_SYMBOL_EXTENSIONS = YES;
				CLANG_ANALYZER_NONNULL = YES;
				CLANG_ANALYZER_NUMBER_OBJECT_CONVERSION = YES_AGGRESSIVE;
				CLANG_CXX_LANGUAGE_STANDARD = "gnu++20";
				CLANG_ENABLE_MODULES = YES;
				CLANG_ENABLE_OBJC_ARC = YES;
				CLANG_ENABLE_OBJC_WEAK = YES;
				CLANG_WARN_BLOCK_CAPTURE_AUTORELEASING = YES;
				CLANG_WARN_BOOL_CONVERSION = YES;
				CLANG_WARN_COMMA = YES;
				CLANG_WARN_CONSTANT_CONVERSION = YES;
				CLANG_WARN_DEPRECATED_OBJC_IMPLEMENTATIONS = YES;
				CLANG_WARN_DIRECT_OBJC_ISA_USAGE = YES_ERROR;
				CLANG_WARN_DOCUMENTATION_COMMENTS = YES;
				CLANG_WARN_EMPTY_BODY = YES;
				CLANG_WARN_ENUM_CONVERSION = YES;
				CLANG_WARN_INFINITE_RECURSION = YES;
				CLANG_WARN_INT_CONVERSION = YES;
				CLANG_WARN_NON_LITERAL_NULL_CONVERSION = YES;
				CLANG_WARN_OBJC_IMPLICIT_RETAIN_SELF = YES;
				CLANG_WARN_OBJC_LITERAL_CONVERSION = YES;
				CLANG_WARN_OBJC_ROOT_CLASS = YES_ERROR;
				CLANG_WARN_QUOTED_INCLUDE_IN_FRAMEWORK_HEADER = YES;
				CLANG_WARN_RANGE_LOOP_ANALYSIS = YES;
				CLANG_WARN_STRICT_PROTOTYPES = YES;
				CLANG_WARN_SUSPICIOUS_MOVE = YES;
				CLANG_WARN_UNGUARDED_AVAILABILITY = YES_AGGRESSIVE;
				CLANG_WARN_UNREACHABLE_CODE = YES;
				CLANG_WARN__DUPLICATE_METHOD_MATCH = YES;
				COPY_PHASE_STRIP = NO;
				DEBUG_INFORMATION_FORMAT = dwarf;
				ENABLE_STRICT_OBJC_MSGSEND = YES;
				ENABLE_TESTABILITY = YES;
				ENABLE_USER_SCRIPT_SANDBOXING = YES;
				GCC_C_LANGUAGE_STANDARD = gnu17;
				GCC_DYNAMIC_NO_PIC = NO;
				GCC_NO_COMMON_BLOCKS = YES;
				GCC_OPTIMIZATION_LEVEL = 0;
				GCC_PREPROCESSOR_DEFINITIONS = (
					"DEBUG=1",
					"$(inherited)",
				);
				GCC_WARN_64_TO_32_BIT_CONVERSION = YES;
				GCC_WARN_ABOUT_RETURN_TYPE = YES_ERROR;
				GCC_WARN_UNDECLARED_SELECTOR = YES;
				GCC_WARN_UNINITIALIZED_AUTOS = YES_AGGRESSIVE;
				GCC_WARN_UNUSED_FUNCTION = YES;
				GCC_WARN_UNUSED_VARIABLE = YES;
				IPHONEOS_DEPLOYMENT_TARGET = 17.0;
				LOCALIZATION_PREFERS_STRING_CATALOGS = YES;
				MTL_ENABLE_DEBUG_INFO = INCLUDE_SOURCE;
				MTL_FAST_MATH = YES;
				ONLY_ACTIVE_ARCH = YES;
				SDKROOT = iphoneos;
				SWIFT_ACTIVE_COMPILATION_CONDITIONS = "DEBUG $(inherited)";
				SWIFT_OPTIMIZATION_LEVEL = "-Onone";
			};
			name = Debug;
		};
		D0F4C03E2B23453E00D6960A /* Release */ = {
			isa = XCBuildConfiguration;
			buildSettings = {
				ALWAYS_SEARCH_USER_PATHS = NO;
				ASSETCATALOG_COMPILER_GENERATE_SWIFT_ASSET_SYMBOL_EXTENSIONS = YES;
				CLANG_ANALYZER_NONNULL = YES;
				CLANG_ANALYZER_NUMBER_OBJECT_CONVERSION = YES_AGGRESSIVE;
				CLANG_CXX_LANGUAGE_STANDARD = "gnu++20";
				CLANG_ENABLE_MODULES = YES;
				CLANG_ENABLE_OBJC_ARC = YES;
				CLANG_ENABLE_OBJC_WEAK = YES;
				CLANG_WARN_BLOCK_CAPTURE_AUTORELEASING = YES;
				CLANG_WARN_BOOL_CONVERSION = YES;
				CLANG_WARN_COMMA = YES;
				CLANG_WARN_CONSTANT_CONVERSION = YES;
				CLANG_WARN_DEPRECATED_OBJC_IMPLEMENTATIONS = YES;
				CLANG_WARN_DIRECT_OBJC_ISA_USAGE = YES_ERROR;
				CLANG_WARN_DOCUMENTATION_COMMENTS = YES;
				CLANG_WARN_EMPTY_BODY = YES;
				CLANG_WARN_ENUM_CONVERSION = YES;
				CLANG_WARN_INFINITE_RECURSION = YES;
				CLANG_WARN_INT_CONVERSION = YES;
				CLANG_WARN_NON_LITERAL_NULL_CONVERSION = YES;
				CLANG_WARN_OBJC_IMPLICIT_RETAIN_SELF = YES;
				CLANG_WARN_OBJC_LITERAL_CONVERSION = YES;
				CLANG_WARN_OBJC_ROOT_CLASS = YES_ERROR;
				CLANG_WARN_QUOTED_INCLUDE_IN_FRAMEWORK_HEADER = YES;
				CLANG_WARN_RANGE_LOOP_ANALYSIS = YES;
				CLANG_WARN_STRICT_PROTOTYPES = YES;
				CLANG_WARN_SUSPICIOUS_MOVE = YES;
				CLANG_WARN_UNGUARDED_AVAILABILITY = YES_AGGRESSIVE;
				CLANG_WARN_UNREACHABLE_CODE = YES;
				CLANG_WARN__DUPLICATE_METHOD_MATCH = YES;
				COPY_PHASE_STRIP = NO;
				DEBUG_INFORMATION_FORMAT = "dwarf-with-dsym";
				ENABLE_NS_ASSERTIONS = NO;
				ENABLE_STRICT_OBJC_MSGSEND = YES;
				ENABLE_USER_SCRIPT_SANDBOXING = YES;
				GCC_C_LANGUAGE_STANDARD = gnu17;
				GCC_NO_COMMON_BLOCKS = YES;
				GCC_WARN_64_TO_32_BIT_CONVERSION = YES;
				GCC_WARN_ABOUT_RETURN_TYPE = YES_ERROR;
				GCC_WARN_UNDECLARED_SELECTOR = YES;
				GCC_WARN_UNINITIALIZED_AUTOS = YES_AGGRESSIVE;
				GCC_WARN_UNUSED_FUNCTION = YES;
				GCC_WARN_UNUSED_VARIABLE = YES;
				IPHONEOS_DEPLOYMENT_TARGET = 17.0;
				LOCALIZATION_PREFERS_STRING_CATALOGS = YES;
				MTL_ENABLE_DEBUG_INFO = NO;
				MTL_FAST_MATH = YES;
				SDKROOT = iphoneos;
				SWIFT_COMPILATION_MODE = wholemodule;
				VALIDATE_PRODUCT = YES;
			};
			name = Release;
		};
		D0F4C0402B23453E00D6960A /* Debug */ = {
			isa = XCBuildConfiguration;
			buildSettings = {
				ASSETCATALOG_COMPILER_APPICON_NAME = AppIcon;
				ASSETCATALOG_COMPILER_GLOBAL_ACCENT_COLOR_NAME = AccentColor;
				CODE_SIGN_STYLE = Automatic;
				CURRENT_PROJECT_VERSION = 1;
				GENERATE_INFOPLIST_FILE = YES;
				INFOPLIST_FILE = TelasSwift/Info.plist;
				INFOPLIST_KEY_UIApplicationSupportsIndirectInputEvents = YES;
				INFOPLIST_KEY_UILaunchStoryboardName = LaunchScreen;
				INFOPLIST_KEY_UIMainStoryboardFile = Main;
				INFOPLIST_KEY_UISupportedInterfaceOrientations_iPad = "UIInterfaceOrientationPortrait UIInterfaceOrientationPortraitUpsideDown UIInterfaceOrientationLandscapeLeft UIInterfaceOrientationLandscapeRight";
				INFOPLIST_KEY_UISupportedInterfaceOrientations_iPhone = "UIInterfaceOrientationPortrait UIInterfaceOrientationLandscapeLeft UIInterfaceOrientationLandscapeRight";
				IPHONEOS_DEPLOYMENT_TARGET = 16.0;
				LD_RUNPATH_SEARCH_PATHS = (
					"$(inherited)",
					"@executable_path/Frameworks",
				);
				MARKETING_VERSION = 1.0;
				PRODUCT_BUNDLE_IDENTIFIER = sarahrodrigues.TelasSwift;
				PRODUCT_NAME = "$(TARGET_NAME)";
				SWIFT_EMIT_LOC_STRINGS = YES;
				SWIFT_VERSION = 5.0;
				TARGETED_DEVICE_FAMILY = "1,2";
			};
			name = Debug;
		};
		D0F4C0412B23453E00D6960A /* Release */ = {
			isa = XCBuildConfiguration;
			buildSettings = {
				ASSETCATALOG_COMPILER_APPICON_NAME = AppIcon;
				ASSETCATALOG_COMPILER_GLOBAL_ACCENT_COLOR_NAME = AccentColor;
				CODE_SIGN_STYLE = Automatic;
				CURRENT_PROJECT_VERSION = 1;
				GENERATE_INFOPLIST_FILE = YES;
				INFOPLIST_FILE = TelasSwift/Info.plist;
				INFOPLIST_KEY_UIApplicationSupportsIndirectInputEvents = YES;
				INFOPLIST_KEY_UILaunchStoryboardName = LaunchScreen;
				INFOPLIST_KEY_UIMainStoryboardFile = Main;
				INFOPLIST_KEY_UISupportedInterfaceOrientations_iPad = "UIInterfaceOrientationPortrait UIInterfaceOrientationPortraitUpsideDown UIInterfaceOrientationLandscapeLeft UIInterfaceOrientationLandscapeRight";
				INFOPLIST_KEY_UISupportedInterfaceOrientations_iPhone = "UIInterfaceOrientationPortrait UIInterfaceOrientationLandscapeLeft UIInterfaceOrientationLandscapeRight";
				IPHONEOS_DEPLOYMENT_TARGET = 16.0;
				LD_RUNPATH_SEARCH_PATHS = (
					"$(inherited)",
					"@executable_path/Frameworks",
				);
				MARKETING_VERSION = 1.0;
				PRODUCT_BUNDLE_IDENTIFIER = sarahrodrigues.TelasSwift;
				PRODUCT_NAME = "$(TARGET_NAME)";
				SWIFT_EMIT_LOC_STRINGS = YES;
				SWIFT_VERSION = 5.0;
				TARGETED_DEVICE_FAMILY = "1,2";
			};
			name = Release;
		};
		D0F4C0432B23453E00D6960A /* Debug */ = {
			isa = XCBuildConfiguration;
			buildSettings = {
				ALWAYS_EMBED_SWIFT_STANDARD_LIBRARIES = YES;
				BUNDLE_LOADER = "$(TEST_HOST)";
				CODE_SIGN_STYLE = Automatic;
				CURRENT_PROJECT_VERSION = 1;
				GENERATE_INFOPLIST_FILE = YES;
				IPHONEOS_DEPLOYMENT_TARGET = 17.0;
				MARKETING_VERSION = 1.0;
				PRODUCT_BUNDLE_IDENTIFIER = sarahrodrigues.TelasSwiftTests;
				PRODUCT_NAME = "$(TARGET_NAME)";
				SWIFT_EMIT_LOC_STRINGS = NO;
				SWIFT_VERSION = 5.0;
				TARGETED_DEVICE_FAMILY = "1,2";
				TEST_HOST = "$(BUILT_PRODUCTS_DIR)/TelasSwift.app/$(BUNDLE_EXECUTABLE_FOLDER_PATH)/TelasSwift";
			};
			name = Debug;
		};
		D0F4C0442B23453E00D6960A /* Release */ = {
			isa = XCBuildConfiguration;
			buildSettings = {
				ALWAYS_EMBED_SWIFT_STANDARD_LIBRARIES = YES;
				BUNDLE_LOADER = "$(TEST_HOST)";
				CODE_SIGN_STYLE = Automatic;
				CURRENT_PROJECT_VERSION = 1;
				GENERATE_INFOPLIST_FILE = YES;
				IPHONEOS_DEPLOYMENT_TARGET = 17.0;
				MARKETING_VERSION = 1.0;
				PRODUCT_BUNDLE_IDENTIFIER = sarahrodrigues.TelasSwiftTests;
				PRODUCT_NAME = "$(TARGET_NAME)";
				SWIFT_EMIT_LOC_STRINGS = NO;
				SWIFT_VERSION = 5.0;
				TARGETED_DEVICE_FAMILY = "1,2";
				TEST_HOST = "$(BUILT_PRODUCTS_DIR)/TelasSwift.app/$(BUNDLE_EXECUTABLE_FOLDER_PATH)/TelasSwift";
			};
			name = Release;
		};
		D0F4C0462B23453E00D6960A /* Debug */ = {
			isa = XCBuildConfiguration;
			buildSettings = {
				ALWAYS_EMBED_SWIFT_STANDARD_LIBRARIES = YES;
				CODE_SIGN_STYLE = Automatic;
				CURRENT_PROJECT_VERSION = 1;
				GENERATE_INFOPLIST_FILE = YES;
				MARKETING_VERSION = 1.0;
				PRODUCT_BUNDLE_IDENTIFIER = sarahrodrigues.TelasSwiftUITests;
				PRODUCT_NAME = "$(TARGET_NAME)";
				SWIFT_EMIT_LOC_STRINGS = NO;
				SWIFT_VERSION = 5.0;
				TARGETED_DEVICE_FAMILY = "1,2";
				TEST_TARGET_NAME = TelasSwift;
			};
			name = Debug;
		};
		D0F4C0472B23453E00D6960A /* Release */ = {
			isa = XCBuildConfiguration;
			buildSettings = {
				ALWAYS_EMBED_SWIFT_STANDARD_LIBRARIES = YES;
				CODE_SIGN_STYLE = Automatic;
				CURRENT_PROJECT_VERSION = 1;
				GENERATE_INFOPLIST_FILE = YES;
				MARKETING_VERSION = 1.0;
				PRODUCT_BUNDLE_IDENTIFIER = sarahrodrigues.TelasSwiftUITests;
				PRODUCT_NAME = "$(TARGET_NAME)";
				SWIFT_EMIT_LOC_STRINGS = NO;
				SWIFT_VERSION = 5.0;
				TARGETED_DEVICE_FAMILY = "1,2";
				TEST_TARGET_NAME = TelasSwift;
			};
			name = Release;
		};
/* End XCBuildConfiguration section */

/* Begin XCConfigurationList section */
		D0F4C0102B23452F00D6960A /* Build configuration list for PBXProject "TelasSwift" */ = {
			isa = XCConfigurationList;
			buildConfigurations = (
				D0F4C03D2B23453E00D6960A /* Debug */,
				D0F4C03E2B23453E00D6960A /* Release */,
			);
			defaultConfigurationIsVisible = 0;
			defaultConfigurationName = Release;
		};
		D0F4C03F2B23453E00D6960A /* Build configuration list for PBXNativeTarget "TelasSwift" */ = {
			isa = XCConfigurationList;
			buildConfigurations = (
				D0F4C0402B23453E00D6960A /* Debug */,
				D0F4C0412B23453E00D6960A /* Release */,
			);
			defaultConfigurationIsVisible = 0;
			defaultConfigurationName = Release;
		};
		D0F4C0422B23453E00D6960A /* Build configuration list for PBXNativeTarget "TelasSwiftTests" */ = {
			isa = XCConfigurationList;
			buildConfigurations = (
				D0F4C0432B23453E00D6960A /* Debug */,
				D0F4C0442B23453E00D6960A /* Release */,
			);
			defaultConfigurationIsVisible = 0;
			defaultConfigurationName = Release;
		};
		D0F4C0452B23453E00D6960A /* Build configuration list for PBXNativeTarget "TelasSwiftUITests" */ = {
			isa = XCConfigurationList;
			buildConfigurations = (
				D0F4C0462B23453E00D6960A /* Debug */,
				D0F4C0472B23453E00D6960A /* Release */,
			);
			defaultConfigurationIsVisible = 0;
			defaultConfigurationName = Release;
		};
/* End XCConfigurationList section */
	};
	rootObject = D0F4C00D2B23452F00D6960A /* Project object */;
}
